
Microsoft Visual Studio Solution File, Format Version 12.00
# Visual Studio Version 16
VisualStudioVersion = 16.0.29025.244
MinimumVisualStudioVersion = 10.0.40219.1
Project("{9A19103F-16F7-4668-BE54-9A1E7A4F7556}") = "QuickBuy.Dominio", "QuickBuy.Dominio\QuickBuy.Dominio.csproj", "{C97CA76E-D641-432A-9CEF-ACCD8EA340B2}"
EndProject
Project("{9A19103F-16F7-4668-BE54-9A1E7A4F7556}") = "QuickBuy.Repositorio", "QuickBuy.Repositorio\QuickBuy.Repositorio.csproj", "{9BE18A32-D772-4A7B-A34D-6EE791D35700}"
EndProject
Project("{FAE04EC0-301F-11D3-BF4B-00C04F79EFBC}") = "QuickBuy.Web", "QuickBuy.Web\QuickBuy.Web.csproj", "{A113679A-9EBE-4181-A8D5-FF2613CB4F05}"
EndProject
Global
	GlobalSection(SolutionConfigurationPlatforms) = preSolution
		Debug|Any CPU = Debug|Any CPU
		Release|Any CPU = Release|Any CPU
	EndGlobalSection
	GlobalSection(ProjectConfigurationPlatforms) = postSolution
		{C97CA76E-D641-432A-9CEF-ACCD8EA340B2}.Debug|Any CPU.ActiveCfg = Debug|Any CPU
		{C97CA76E-D641-432A-9CEF-ACCD8EA340B2}.Debug|Any CPU.Build.0 = Debug|Any CPU
		{C97CA76E-D641-432A-9CEF-ACCD8EA340B2}.Release|Any CPU.ActiveCfg = Release|Any CPU
		{C97CA76E-D641-432A-9CEF-ACCD8EA340B2}.Release|Any CPU.Build.0 = Release|Any CPU
		{9BE18A32-D772-4A7B-A34D-6EE791D35700}.Debug|Any CPU.ActiveCfg = Debug|Any CPU
		{9BE18A32-D772-4A7B-A34D-6EE791D35700}.Debug|Any CPU.Build.0 = Debug|Any CPU
		{9BE18A32-D772-4A7B-A34D-6EE791D35700}.Release|Any CPU.ActiveCfg = Release|Any CPU
		{9BE18A32-D772-4A7B-A34D-6EE791D35700}.Release|Any CPU.Build.0 = Release|Any CPU
		{A113679A-9EBE-4181-A8D5-FF2613CB4F05}.Debug|Any CPU.ActiveCfg = Debug|Any CPU
		{A113679A-9EBE-4181-A8D5-FF2613CB4F05}.Debug|Any CPU.Build.0 = Debug|Any CPU
		{A113679A-9EBE-4181-A8D5-FF2613CB4F05}.Release|Any CPU.ActiveCfg = Release|Any CPU
		{A113679A-9EBE-4181-A8D5-FF2613CB4F05}.Release|Any CPU.Build.0 = Release|Any CPU
	EndGlobalSection
	GlobalSection(SolutionProperties) = preSolution
		HideSolutionNode = FALSE
	EndGlobalSection
	GlobalSection(ExtensibilityGlobals) = postSolution
		SolutionGuid = {43B8C155-0C43-403F-9819-104564C5C86D}
	EndGlobalSection
EndGlobal
